// !$*UTF8*$!
{
	archiveVersion = 1;
	classes = {
	};
	objectVersion = 50;
	objects = {

/* Begin PBXBuildFile section */
		092213EE2688AD410063F073 /* AppDelegate.swift in Sources */ = {isa = PBXBuildFile; fileRef = 092213ED2688AD410063F073 /* AppDelegate.swift */; };
		092213F02688AD410063F073 /* SceneDelegate.swift in Sources */ = {isa = PBXBuildFile; fileRef = 092213EF2688AD410063F073 /* SceneDelegate.swift */; };
		092213F22688AD410063F073 /* ViewController.swift in Sources */ = {isa = PBXBuildFile; fileRef = 092213F12688AD410063F073 /* ViewController.swift */; };
		092213F52688AD410063F073 /* Main.storyboard in Resources */ = {isa = PBXBuildFile; fileRef = 092213F32688AD410063F073 /* Main.storyboard */; };
		092213F82688AD410063F073 /* newRepa.xcdatamodeld in Sources */ = {isa = PBXBuildFile; fileRef = 092213F62688AD410063F073 /* newRepa.xcdatamodeld */; };
		092213FA2688AD410063F073 /* Assets.xcassets in Resources */ = {isa = PBXBuildFile; fileRef = 092213F92688AD410063F073 /* Assets.xcassets */; };
		092213FD2688AD410063F073 /* LaunchScreen.storyboard in Resources */ = {isa = PBXBuildFile; fileRef = 092213FB2688AD410063F073 /* LaunchScreen.storyboard */; };
/* End PBXBuildFile section */

/* Begin PBXFileReference section */
		092213EA2688AD400063F073 /* newRepa.app */ = {isa = PBXFileReference; explicitFileType = wrapper.application; includeInIndex = 0; path = newRepa.app; sourceTree = BUILT_PRODUCTS_DIR; };
		092213ED2688AD410063F073 /* AppDelegate.swift */ = {isa = PBXFileReference; lastKnownFileType = sourcecode.swift; path = AppDelegate.swift; sourceTree = "<group>"; };
		092213EF2688AD410063F073 /* SceneDelegate.swift */ = {isa = PBXFileReference; lastKnownFileType = sourcecode.swift; path = SceneDelegate.swift; sourceTree = "<group>"; };
		092213F12688AD410063F073 /* ViewController.swift */ = {isa = PBXFileReference; lastKnownFileType = sourcecode.swift; path = ViewController.swift; sourceTree = "<group>"; };
		092213F42688AD410063F073 /* Base */ = {isa = PBXFileReference; lastKnownFileType = file.storyboard; name = Base; path = Base.lproj/Main.storyboard; sourceTree = "<group>"; };
		092213F72688AD410063F073 /* newRepa.xcdatamodel */ = {isa = PBXFileReference; lastKnownFileType = wrapper.xcdatamodel; path = newRepa.xcdatamodel; sourceTree = "<group>"; };
		092213F92688AD410063F073 /* Assets.xcassets */ = {isa = PBXFileReference; lastKnownFileType = folder.assetcatalog; path = Assets.xcassets; sourceTree = "<group>"; };
		092213FC2688AD410063F073 /* Base */ = {isa = PBXFileReference; lastKnownFileType = file.storyboard; name = Base; path = Base.lproj/LaunchScreen.storyboard; sourceTree = "<group>"; };
		092213FE2688AD410063F073 /* Info.plist */ = {isa = PBXFileReference; lastKnownFileType = text.plist.xml; path = Info.plist; sourceTree = "<group>"; };
/* End PBXFileReference section */

/* Begin PBXFrameworksBuildPhase section */
		092213E72688AD400063F073 /* Frameworks */ = {
			isa = PBXFrameworksBuildPhase;
			buildActionMask = 2147483647;
			files = (
			);
			runOnlyForDeploymentPostprocessing = 0;
		};
/* End PBXFrameworksBuildPhase section */

/* Begin PBXGroup section */
		092213E12688AD400063F073 = {
			isa = PBXGroup;
			children = (
				092213EC2688AD400063F073 /* newRepa */,
				092213EB2688AD400063F073 /* Products */,
			);
			sourceTree = "<group>";
		};
		092213EB2688AD400063F073 /* Products */ = {
			isa = PBXGroup;
			children = (
				092213EA2688AD400063F073 /* newRepa.app */,
			);
			name = Products;
			sourceTree = "<group>";
		};
		092213EC2688AD400063F073 /* newRepa */ = {
			isa = PBXGroup;
			children = (
				092213ED2688AD410063F073 /* AppDelegate.swift */,
				092213EF2688AD410063F073 /* SceneDelegate.swift */,
				092213F12688AD410063F073 /* ViewController.swift */,
				092213F32688AD410063F073 /* Main.storyboard */,
				092213F92688AD410063F073 /* Assets.xcassets */,
				092213FB2688AD410063F073 /* LaunchScreen.storyboard */,
				092213FE2688AD410063F073 /* Info.plist */,
				092213F62688AD410063F073 /* newRepa.xcdatamodeld */,
			);
			path = newRepa;
			sourceTree = "<group>";
		};
/* End PBXGroup section */

/* Begin PBXNativeTarget section */
		092213E92688AD400063F073 /* newRepa */ = {
			isa = PBXNativeTarget;
			buildConfigurationList = 092214012688AD410063F073 /* Build configuration list for PBXNativeTarget "newRepa" */;
			buildPhases = (
				092213E62688AD400063F073 /* Sources */,
				092213E72688AD400063F073 /* Frameworks */,
				092213E82688AD400063F073 /* Resources */,
			);
			buildRules = (
			);
			dependencies = (
			);
			name = newRepa;
			productName = newRepa;
			productReference = 092213EA2688AD400063F073 /* newRepa.app */;
			productType = "com.apple.product-type.application";
		};
/* End PBXNativeTarget section */

/* Begin PBXProject section */
		092213E22688AD400063F073 /* Project object */ = {
			isa = PBXProject;
			attributes = {
				LastSwiftUpdateCheck = 1250;
				LastUpgradeCheck = 1250;
				TargetAttributes = {
					092213E92688AD400063F073 = {
						CreatedOnToolsVersion = 12.5;
					};
				};
			};
			buildConfigurationList = 092213E52688AD400063F073 /* Build configuration list for PBXProject "newRepa" */;
			compatibilityVersion = "Xcode 9.3";
			developmentRegion = en;
			hasScannedForEncodings = 0;
			knownRegions = (
				en,
				Base,
			);
			mainGroup = 092213E12688AD400063F073;
			productRefGroup = 092213EB2688AD400063F073 /* Products */;
			projectDirPath = "";
			projectRoot = "";
			targets = (
				092213E92688AD400063F073 /* newRepa */,
			);
		};
/* End PBXProject section */

/* Begin PBXResourcesBuildPhase section */
		092213E82688AD400063F073 /* Resources */ = {
			isa = PBXResourcesBuildPhase;
			buildActionMask = 2147483647;
			files = (
				092213FD2688AD410063F073 /* LaunchScreen.storyboard in Resources */,
				092213FA2688AD410063F073 /* Assets.xcassets in Resources */,
				092213F52688AD410063F073 /* Main.storyboard in Resources */,
			);
			runOnlyForDeploymentPostprocessing = 0;
		};
/* End PBXResourcesBuildPhase section */

/* Begin PBXSourcesBuildPhase section */
		092213E62688AD400063F073 /* Sources */ = {
			isa = PBXSourcesBuildPhase;
			buildActionMask = 2147483647;
			files = (
				092213F22688AD410063F073 /* ViewController.swift in Sources */,
				092213EE2688AD410063F073 /* AppDelegate.swift in Sources */,
				092213F82688AD410063F073 /* newRepa.xcdatamodeld in Sources */,
				092213F02688AD410063F073 /* SceneDelegate.swift in Sources */,
			);
			runOnlyForDeploymentPostprocessing = 0;
		};
/* End PBXSourcesBuildPhase section */

/* Begin PBXVariantGroup section */
		092213F32688AD410063F073 /* Main.storyboard */ = {
			isa = PBXVariantGroup;
			children = (
				092213F42688AD410063F073 /* Base */,
			);
			name = Main.storyboard;
			sourceTree = "<group>";
		};
		092213FB2688AD410063F073 /* LaunchScreen.storyboard */ = {
			isa = PBXVariantGroup;
			children = (
				092213FC2688AD410063F073 /* Base */,
			);
			name = LaunchScreen.storyboard;
			sourceTree = "<group>";
		};
/* End PBXVariantGroup section */

/* Begin XCBuildConfiguration section */
		092213FF2688AD410063F073 /* Debug */ = {
			isa = XCBuildConfiguration;
			buildSettings = {
				ALWAYS_SEARCH_USER_PATHS = NO;
				CLANG_ANALYZER_NONNULL = YES;
				CLANG_ANALYZER_NUMBER_OBJECT_CONVERSION = YES_AGGRESSIVE;
				CLANG_CXX_LANGUAGE_STANDARD = "gnu++14";
				CLANG_CXX_LIBRARY = "libc++";
				CLANG_ENABLE_MODULES = YES;
				CLANG_ENABLE_OBJC_ARC = YES;
				CLANG_ENABLE_OBJC_WEAK = YES;
				CLANG_WARN_BLOCK_CAPTURE_AUTORELEASING = YES;
				CLANG_WARN_BOOL_CONVERSION = YES;
				CLANG_WARN_COMMA = YES;
				CLANG_WARN_CONSTANT_CONVERSION = YES;
				CLANG_WARN_DEPRECATED_OBJC_IMPLEMENTATIONS = YES;
				CLANG_WARN_DIRECT_OBJC_ISA_USAGE = YES_ERROR;
				CLANG_WARN_DOCUMENTATION_COMMENTS = YES;
				CLANG_WARN_EMPTY_BODY = YES;
				CLANG_WARN_ENUM_CONVERSION = YES;
				CLANG_WARN_INFINITE_RECURSION = YES;
				CLANG_WARN_INT_CONVERSION = YES;
				CLANG_WARN_NON_LITERAL_NULL_CONVERSION = YES;
				CLANG_WARN_OBJC_IMPLICIT_RETAIN_SELF = YES;
				CLANG_WARN_OBJC_LITERAL_CONVERSION = YES;
				CLANG_WARN_OBJC_ROOT_CLASS = YES_ERROR;
				CLANG_WARN_QUOTED_INCLUDE_IN_FRAMEWORK_HEADER = YES;
				CLANG_WARN_RANGE_LOOP_ANALYSIS = YES;
				CLANG_WARN_STRICT_PROTOTYPES = YES;
				CLANG_WARN_SUSPICIOUS_MOVE = YES;
				CLANG_WARN_UNGUARDED_AVAILABILITY = YES_AGGRESSIVE;
				CLANG_WARN_UNREACHABLE_CODE = YES;
				CLANG_WARN__DUPLICATE_METHOD_MATCH = YES;
				COPY_PHASE_STRIP = NO;
				DEBUG_INFORMATION_FORMAT = dwarf;
				ENABLE_STRICT_OBJC_MSGSEND = YES;
				ENABLE_TESTABILITY = YES;
				GCC_C_LANGUAGE_STANDARD = gnu11;
				GCC_DYNAMIC_NO_PIC = NO;
				GCC_NO_COMMON_BLOCKS = YES;
				GCC_OPTIMIZATION_LEVEL = 0;
				GCC_PREPROCESSOR_DEFINITIONS = (
					"DEBUG=1",
					"$(inherited)",
				);
				GCC_WARN_64_TO_32_BIT_CONVERSION = YES;
				GCC_WARN_ABOUT_RETURN_TYPE = YES_ERROR;
				GCC_WARN_UNDECLARED_SELECTOR = YES;
				GCC_WARN_UNINITIALIZED_AUTOS = YES_AGGRESSIVE;
				GCC_WARN_UNUSED_FUNCTION = YES;
				GCC_WARN_UNUSED_VARIABLE = YES;
				IPHONEOS_DEPLOYMENT_TARGET = 14.5;
				MTL_ENABLE_DEBUG_INFO = INCLUDE_SOURCE;
				MTL_FAST_MATH = YES;
				ONLY_ACTIVE_ARCH = YES;
				SDKROOT = iphoneos;
				SWIFT_ACTIVE_COMPILATION_CONDITIONS = DEBUG;
				SWIFT_OPTIMIZATION_LEVEL = "-Onone";
			};
			name = Debug;
		};
		092214002688AD410063F073 /* Release */ = {
			isa = XCBuildConfiguration;
			buildSettings = {
				ALWAYS_SEARCH_USER_PATHS = NO;
				CLANG_ANALYZER_NONNULL = YES;
				CLANG_ANALYZER_NUMBER_OBJECT_CONVERSION = YES_AGGRESSIVE;
				CLANG_CXX_LANGUAGE_STANDARD = "gnu++14";
				CLANG_CXX_LIBRARY = "libc++";
				CLANG_ENABLE_MODULES = YES;
				CLANG_ENABLE_OBJC_ARC = YES;
				CLANG_ENABLE_OBJC_WEAK = YES;
				CLANG_WARN_BLOCK_CAPTURE_AUTORELEASING = YES;
				CLANG_WARN_BOOL_CONVERSION = YES;
				CLANG_WARN_COMMA = YES;
				CLANG_WARN_CONSTANT_CONVERSION = YES;
				CLANG_WARN_DEPRECATED_OBJC_IMPLEMENTATIONS = YES;
				CLANG_WARN_DIRECT_OBJC_ISA_USAGE = YES_ERROR;
				CLANG_WARN_DOCUMENTATION_COMMENTS = YES;
				CLANG_WARN_EMPTY_BODY = YES;
				CLANG_WARN_ENUM_CONVERSION = YES;
				CLANG_WARN_INFINITE_RECURSION = YES;
				CLANG_WARN_INT_CONVERSION = YES;
				CLANG_WARN_NON_LITERAL_NULL_CONVERSION = YES;
				CLANG_WARN_OBJC_IMPLICIT_RETAIN_SELF = YES;
				CLANG_WARN_OBJC_LITERAL_CONVERSION = YES;
				CLANG_WARN_OBJC_ROOT_CLASS = YES_ERROR;
				CLANG_WARN_QUOTED_INCLUDE_IN_FRAMEWORK_HEADER = YES;
				CLANG_WARN_RANGE_LOOP_ANALYSIS = YES;
				CLANG_WARN_STRICT_PROTOTYPES = YES;
				CLANG_WARN_SUSPICIOUS_MOVE = YES;
				CLANG_WARN_UNGUARDED_AVAILABILITY = YES_AGGRESSIVE;
				CLANG_WARN_UNREACHABLE_CODE = YES;
				CLANG_WARN__DUPLICATE_METHOD_MATCH = YES;
				COPY_PHASE_STRIP = NO;
				DEBUG_INFORMATION_FORMAT = "dwarf-with-dsym";
				ENABLE_NS_ASSERTIONS = NO;
				ENABLE_STRICT_OBJC_MSGSEND = YES;
				GCC_C_LANGUAGE_STANDARD = gnu11;
				GCC_NO_COMMON_BLOCKS = YES;
				GCC_WARN_64_TO_32_BIT_CONVERSION = YES;
				GCC_WARN_ABOUT_RETURN_TYPE = YES_ERROR;
				GCC_WARN_UNDECLARED_SELECTOR = YES;
				GCC_WARN_UNINITIALIZED_AUTOS = YES_AGGRESSIVE;
				GCC_WARN_UNUSED_FUNCTION = YES;
				GCC_WARN_UNUSED_VARIABLE = YES;
				IPHONEOS_DEPLOYMENT_TARGET = 14.5;
				MTL_ENABLE_DEBUG_INFO = NO;
				MTL_FAST_MATH = YES;
				SDKROOT = iphoneos;
				SWIFT_COMPILATION_MODE = wholemodule;
				SWIFT_OPTIMIZATION_LEVEL = "-O";
				VALIDATE_PRODUCT = YES;
			};
			name = Release;
		};
		092214022688AD410063F073 /* Debug */ = {
			isa = XCBuildConfiguration;
			buildSettings = {
				ASSETCATALOG_COMPILER_APPICON_NAME = AppIcon;
				ASSETCATALOG_COMPILER_GLOBAL_ACCENT_COLOR_NAME = AccentColor;
				CODE_SIGN_STYLE = Automatic;
				DEVELOPMENT_TEAM = K4PQ4VF8XP;
				INFOPLIST_FILE = newRepa/Info.plist;
				LD_RUNPATH_SEARCH_PATHS = (
					"$(inherited)",
					"@executable_path/Frameworks",
				);
				PRODUCT_BUNDLE_IDENTIFIER = com.my.project.newRepa;
				PRODUCT_NAME = "$(TARGET_NAME)";
				SWIFT_VERSION = 5.0;
				TARGETED_DEVICE_FAMILY = "1,2";
			};
			name = Debug;
		};
		092214032688AD410063F073 /* Release */ = {
			isa = XCBuildConfiguration;
			buildSettings = {
				ASSETCATALOG_COMPILER_APPICON_NAME = AppIcon;
				ASSETCATALOG_COMPILER_GLOBAL_ACCENT_COLOR_NAME = AccentColor;
				CODE_SIGN_STYLE = Automatic;
				DEVELOPMENT_TEAM = K4PQ4VF8XP;
				INFOPLIST_FILE = newRepa/Info.plist;
				LD_RUNPATH_SEARCH_PATHS = (
					"$(inherited)",
					"@executable_path/Frameworks",
				);
				PRODUCT_BUNDLE_IDENTIFIER = com.my.project.newRepa;
				PRODUCT_NAME = "$(TARGET_NAME)";
				SWIFT_VERSION = 5.0;
				TARGETED_DEVICE_FAMILY = "1,2";
			};
			name = Release;
		};
/* End XCBuildConfiguration section */

/* Begin XCConfigurationList section */
		092213E52688AD400063F073 /* Build configuration list for PBXProject "newRepa" */ = {
			isa = XCConfigurationList;
			buildConfigurations = (
				092213FF2688AD410063F073 /* Debug */,
				092214002688AD410063F073 /* Release */,
			);
			defaultConfigurationIsVisible = 0;
			defaultConfigurationName = Release;
		};
		092214012688AD410063F073 /* Build configuration list for PBXNativeTarget "newRepa" */ = {
			isa = XCConfigurationList;
			buildConfigurations = (
				092214022688AD410063F073 /* Debug */,
				092214032688AD410063F073 /* Release */,
			);
			defaultConfigurationIsVisible = 0;
			defaultConfigurationName = Release;
		};
/* End XCConfigurationList section */

/* Begin XCVersionGroup section */
		092213F62688AD410063F073 /* newRepa.xcdatamodeld */ = {
			isa = XCVersionGroup;
			children = (
				092213F72688AD410063F073 /* newRepa.xcdatamodel */,
			);
			currentVersion = 092213F72688AD410063F073 /* newRepa.xcdatamodel */;
			path = newRepa.xcdatamodeld;
			sourceTree = "<group>";
			versionGroupType = wrapper.xcdatamodel;
		};
/* End XCVersionGroup section */
	};
	rootObject = 092213E22688AD400063F073 /* Project object */;
}
